
Microsoft Visual Studio Solution File, Format Version 12.00
# Visual Studio Version 17
VisualStudioVersion = 17.13.35931.197
MinimumVisualStudioVersion = 10.0.40219.1
Project("{FAE04EC0-301F-11D3-BF4B-00C04F79EFBC}") = "GestionHoraire", "GestionHoraire\GestionHoraire.csproj", "{D44EC87D-6E7E-421B-9997-2CE88573ACC5}"
EndProject
<<<<<<< HEAD
Project("{FAE04EC0-301F-11D3-BF4B-00C04F79EFBC}") = "GestionHoraire.Tests", "GestionHoraire.Tests\GestionHoraire.Tests.csproj", "{1D30A0A5-4B8D-469F-974F-20B0A91ADBEB}"
=======
Project("{FAE04EC0-301F-11D3-BF4B-00C04F79EFBC}") = "GestionHoraire.Tests", "GestionHoraire.Tests\GestionHoraire.Tests.csproj", "{5B8273ED-8135-4934-B502-96FE126A9FB7}"
>>>>>>> origin/securite-2fa
EndProject
Global
	GlobalSection(SolutionConfigurationPlatforms) = preSolution
		Debug|Any CPU = Debug|Any CPU
		Debug|x64 = Debug|x64
		Debug|x86 = Debug|x86
		Release|Any CPU = Release|Any CPU
		Release|x64 = Release|x64
		Release|x86 = Release|x86
	EndGlobalSection
	GlobalSection(ProjectConfigurationPlatforms) = postSolution
		{D44EC87D-6E7E-421B-9997-2CE88573ACC5}.Debug|Any CPU.ActiveCfg = Debug|Any CPU
		{D44EC87D-6E7E-421B-9997-2CE88573ACC5}.Debug|Any CPU.Build.0 = Debug|Any CPU
		{D44EC87D-6E7E-421B-9997-2CE88573ACC5}.Debug|x64.ActiveCfg = Debug|Any CPU
		{D44EC87D-6E7E-421B-9997-2CE88573ACC5}.Debug|x64.Build.0 = Debug|Any CPU
		{D44EC87D-6E7E-421B-9997-2CE88573ACC5}.Debug|x86.ActiveCfg = Debug|Any CPU
		{D44EC87D-6E7E-421B-9997-2CE88573ACC5}.Debug|x86.Build.0 = Debug|Any CPU
		{D44EC87D-6E7E-421B-9997-2CE88573ACC5}.Release|Any CPU.ActiveCfg = Release|Any CPU
		{D44EC87D-6E7E-421B-9997-2CE88573ACC5}.Release|Any CPU.Build.0 = Release|Any CPU
<<<<<<< HEAD
		{D44EC87D-6E7E-421B-9997-2CE88573ACC5}.Release|x64.ActiveCfg = Release|Any CPU
		{D44EC87D-6E7E-421B-9997-2CE88573ACC5}.Release|x64.Build.0 = Release|Any CPU
		{D44EC87D-6E7E-421B-9997-2CE88573ACC5}.Release|x86.ActiveCfg = Release|Any CPU
		{D44EC87D-6E7E-421B-9997-2CE88573ACC5}.Release|x86.Build.0 = Release|Any CPU
		{1D30A0A5-4B8D-469F-974F-20B0A91ADBEB}.Debug|Any CPU.ActiveCfg = Debug|Any CPU
		{1D30A0A5-4B8D-469F-974F-20B0A91ADBEB}.Debug|Any CPU.Build.0 = Debug|Any CPU
		{1D30A0A5-4B8D-469F-974F-20B0A91ADBEB}.Debug|x64.ActiveCfg = Debug|Any CPU
		{1D30A0A5-4B8D-469F-974F-20B0A91ADBEB}.Debug|x64.Build.0 = Debug|Any CPU
		{1D30A0A5-4B8D-469F-974F-20B0A91ADBEB}.Debug|x86.ActiveCfg = Debug|Any CPU
		{1D30A0A5-4B8D-469F-974F-20B0A91ADBEB}.Debug|x86.Build.0 = Debug|Any CPU
		{1D30A0A5-4B8D-469F-974F-20B0A91ADBEB}.Release|Any CPU.ActiveCfg = Release|Any CPU
		{1D30A0A5-4B8D-469F-974F-20B0A91ADBEB}.Release|Any CPU.Build.0 = Release|Any CPU
		{1D30A0A5-4B8D-469F-974F-20B0A91ADBEB}.Release|x64.ActiveCfg = Release|Any CPU
		{1D30A0A5-4B8D-469F-974F-20B0A91ADBEB}.Release|x64.Build.0 = Release|Any CPU
		{1D30A0A5-4B8D-469F-974F-20B0A91ADBEB}.Release|x86.ActiveCfg = Release|Any CPU
		{1D30A0A5-4B8D-469F-974F-20B0A91ADBEB}.Release|x86.Build.0 = Release|Any CPU
=======
		{5B8273ED-8135-4934-B502-96FE126A9FB7}.Debug|Any CPU.ActiveCfg = Debug|Any CPU
		{5B8273ED-8135-4934-B502-96FE126A9FB7}.Debug|Any CPU.Build.0 = Debug|Any CPU
		{5B8273ED-8135-4934-B502-96FE126A9FB7}.Release|Any CPU.ActiveCfg = Release|Any CPU
		{5B8273ED-8135-4934-B502-96FE126A9FB7}.Release|Any CPU.Build.0 = Release|Any CPU
>>>>>>> origin/securite-2fa
	EndGlobalSection
	GlobalSection(SolutionProperties) = preSolution
		HideSolutionNode = FALSE
	EndGlobalSection
	GlobalSection(ExtensibilityGlobals) = postSolution
		SolutionGuid = {A60D932B-A4DB-4BA1-9E09-C991D3B5E6BA}
	EndGlobalSection
EndGlobal
